
Microsoft Visual Studio Solution File, Format Version 12.00
# Visual Studio Version 17
VisualStudioVersion = 17.12.35707.178
MinimumVisualStudioVersion = 10.0.40219.1
Project("{FAE04EC0-301F-11D3-BF4B-00C04F79EFBC}") = "MySmartShiftNoAI", "MySmartShiftNoAI\MySmartShiftNoAI.csproj", "{750F955B-B84E-40C2-B986-1706FF5A03A5}"
EndProject
Project("{2150E333-8FDC-42A3-9474-1A3956D46DE8}") = "Core", "Core", "{6EB4EC52-275A-446D-B736-45A249FA6B95}"
EndProject
Project("{FAE04EC0-301F-11D3-BF4B-00C04F79EFBC}") = "MySmartShift.Core", "MySmartShift.Core\MySmartShift.Core.csproj", "{B4F94203-2FB0-4A7E-911D-E88AB8DF4215}"
EndProject
Project("{2150E333-8FDC-42A3-9474-1A3956D46DE8}") = "Web", "Web", "{E551A05A-90C4-4F1B-9C7D-0E2CE6896CCA}"
EndProject
Project("{2150E333-8FDC-42A3-9474-1A3956D46DE8}") = "Services", "Services", "{02EA681E-C7D8-13C7-8484-4AC65E1B71E8}"
EndProject
Project("{2150E333-8FDC-42A3-9474-1A3956D46DE8}") = "Account", "Account", "{A0E10AD4-AB49-41AE-9034-B8AD8CC699E9}"
EndProject
Project("{FAE04EC0-301F-11D3-BF4B-00C04F79EFBC}") = "MySmartShift.Services.Account", "MySmartShift.Services.Account\MySmartShift.Services.Account.csproj", "{C557A11A-F69F-428E-A477-9841FF9BFF39}"
EndProject
Project("{2150E333-8FDC-42A3-9474-1A3956D46DE8}") = "Providers", "Providers", "{15ED9F91-FE63-4BF0-8950-482FB3C67318}"
EndProject
Project("{2150E333-8FDC-42A3-9474-1A3956D46DE8}") = "Auth", "Auth", "{4001155C-0421-4541-A62A-99B4B9B1C3F9}"
EndProject
Project("{FAE04EC0-301F-11D3-BF4B-00C04F79EFBC}") = "MySmartShift.Providers.Auth", "MySmartShift.Providers.Auth\MySmartShift.Providers.Auth.csproj", "{116911E5-AD45-4825-AECD-AC5891556A3D}"
EndProject
Global
	GlobalSection(SolutionConfigurationPlatforms) = preSolution
		Debug|Any CPU = Debug|Any CPU
		Release|Any CPU = Release|Any CPU
	EndGlobalSection
	GlobalSection(ProjectConfigurationPlatforms) = postSolution
		{750F955B-B84E-40C2-B986-1706FF5A03A5}.Debug|Any CPU.ActiveCfg = Debug|Any CPU
		{750F955B-B84E-40C2-B986-1706FF5A03A5}.Debug|Any CPU.Build.0 = Debug|Any CPU
		{750F955B-B84E-40C2-B986-1706FF5A03A5}.Release|Any CPU.ActiveCfg = Release|Any CPU
		{750F955B-B84E-40C2-B986-1706FF5A03A5}.Release|Any CPU.Build.0 = Release|Any CPU
		{B4F94203-2FB0-4A7E-911D-E88AB8DF4215}.Debug|Any CPU.ActiveCfg = Debug|Any CPU
		{B4F94203-2FB0-4A7E-911D-E88AB8DF4215}.Debug|Any CPU.Build.0 = Debug|Any CPU
		{B4F94203-2FB0-4A7E-911D-E88AB8DF4215}.Release|Any CPU.ActiveCfg = Release|Any CPU
		{B4F94203-2FB0-4A7E-911D-E88AB8DF4215}.Release|Any CPU.Build.0 = Release|Any CPU
		{C557A11A-F69F-428E-A477-9841FF9BFF39}.Debug|Any CPU.ActiveCfg = Debug|Any CPU
		{C557A11A-F69F-428E-A477-9841FF9BFF39}.Debug|Any CPU.Build.0 = Debug|Any CPU
		{C557A11A-F69F-428E-A477-9841FF9BFF39}.Release|Any CPU.ActiveCfg = Release|Any CPU
		{C557A11A-F69F-428E-A477-9841FF9BFF39}.Release|Any CPU.Build.0 = Release|Any CPU
		{116911E5-AD45-4825-AECD-AC5891556A3D}.Debug|Any CPU.ActiveCfg = Debug|Any CPU
		{116911E5-AD45-4825-AECD-AC5891556A3D}.Debug|Any CPU.Build.0 = Debug|Any CPU
		{116911E5-AD45-4825-AECD-AC5891556A3D}.Release|Any CPU.ActiveCfg = Release|Any CPU
		{116911E5-AD45-4825-AECD-AC5891556A3D}.Release|Any CPU.Build.0 = Release|Any CPU
	EndGlobalSection
	GlobalSection(SolutionProperties) = preSolution
		HideSolutionNode = FALSE
	EndGlobalSection
	GlobalSection(NestedProjects) = preSolution
		{750F955B-B84E-40C2-B986-1706FF5A03A5} = {E551A05A-90C4-4F1B-9C7D-0E2CE6896CCA}
		{B4F94203-2FB0-4A7E-911D-E88AB8DF4215} = {6EB4EC52-275A-446D-B736-45A249FA6B95}
		{A0E10AD4-AB49-41AE-9034-B8AD8CC699E9} = {02EA681E-C7D8-13C7-8484-4AC65E1B71E8}
		{C557A11A-F69F-428E-A477-9841FF9BFF39} = {A0E10AD4-AB49-41AE-9034-B8AD8CC699E9}
		{4001155C-0421-4541-A62A-99B4B9B1C3F9} = {15ED9F91-FE63-4BF0-8950-482FB3C67318}
		{116911E5-AD45-4825-AECD-AC5891556A3D} = {4001155C-0421-4541-A62A-99B4B9B1C3F9}
	EndGlobalSection
	GlobalSection(ExtensibilityGlobals) = postSolution
		SolutionGuid = {1EA7F5FA-2408-41E7-8887-267C046EDC38}
	EndGlobalSection
EndGlobal
